
Microsoft Visual Studio Solution File, Format Version 12.00
# Visual Studio Version 16
VisualStudioVersion = 25.0.1706.5
MinimumVisualStudioVersion = 10.0.40219.1
Project("{FAE04EC0-301F-11D3-BF4B-00C04F79EFBC}") = "NeuralLab", "NeuralLab.csproj", "{647180FE-E171-48D8-BFCD-5155A962CA0E}"
EndProject
Global
	GlobalSection(SolutionConfigurationPlatforms) = preSolution
		Debug|Any CPU = Debug|Any CPU
		Release|Any CPU = Release|Any CPU
	EndGlobalSection
	GlobalSection(ProjectConfigurationPlatforms) = postSolution
		{647180FE-E171-48D8-BFCD-5155A962CA0E}.Debug|Any CPU.ActiveCfg = Debug|Any CPU
		{647180FE-E171-48D8-BFCD-5155A962CA0E}.Debug|Any CPU.Build.0 = Debug|Any CPU
		{647180FE-E171-48D8-BFCD-5155A962CA0E}.Release|Any CPU.ActiveCfg = Release|Any CPU
		{647180FE-E171-48D8-BFCD-5155A962CA0E}.Release|Any CPU.Build.0 = Release|Any CPU
	EndGlobalSection
	GlobalSection(SolutionProperties) = preSolution
		HideSolutionNode = FALSE
	EndGlobalSection
	GlobalSection(ExtensibilityGlobals) = postSolution
		SolutionGuid = {2BA1BA84-703F-4248-9753-2B5E0B551E2E}
	EndGlobalSection
EndGlobal
